# THIS IS AN AUTOGENERATED FILE. DO NOT EDIT THIS FILE DIRECTLY.
# yarn lockfile v1


"@types/circular-json@^0.4.0":
  version "0.4.0"
  resolved "https://registry.yarnpkg.com/@types/circular-json/-/circular-json-0.4.0.tgz#7401f7e218cfe87ad4c43690da5658b9acaf51be"
  integrity sha512-7+kYB7x5a7nFWW1YPBh3KxhwKfiaI4PbZ1RvzBU91LZy7lWJO822CI+pqzSre/DZ7KsCuMKdHnLHHFu8AyXbQg==

"@types/stacktrace-js@^0.0.32":
  version "0.0.32"
  resolved "https://registry.yarnpkg.com/@types/stacktrace-js/-/stacktrace-js-0.0.32.tgz#d23e4a36a5073d39487fbea8234cc6186862d389"
  integrity sha512-SdxmlrHfO0BxgbBP9HZWMUo2rima8lwMjPiWm6S0dyKkDa5CseamktFhXg8umu3TPVBkSlX6ZoB5uUDJK89yvg==

circular-json@^0.5.0:
  version "0.5.9"
  resolved "https://registry.yarnpkg.com/circular-json/-/circular-json-0.5.9.tgz#932763ae88f4f7dead7a0d09c8a51a4743a53b1d"
  integrity sha512-4ivwqHpIFJZBuhN3g/pEcdbnGUywkBblloGbkglyloVjjR3uT6tieI89MVOfbP2tHX5sgb01FuLgAOzebNlJNQ==

error-stack-parser@^2.0.1:
  version "2.0.6"
  resolved "https://registry.yarnpkg.com/error-stack-parser/-/error-stack-parser-2.0.6.tgz#5a99a707bd7a4c58a797902d48d82803ede6aad8"
  integrity sha512-d51brTeqC+BHlwF0BhPtcYgF5nlzf9ZZ0ZIUQNZpc9ZB9qw5IJ2diTrBY9jlCJkTLITYPjmiX6OWCwH+fuyNgQ==
  dependencies:
    stackframe "^1.1.1"

rxjs-spy@^7.5.1:
  version "7.5.1"
  resolved "https://registry.yarnpkg.com/rxjs-spy/-/rxjs-spy-7.5.1.tgz#1a9ef50bc8d7dd00d9ecf3c54c00929231eaf319"
  integrity sha512-dJ9mO4HvW2r16PsU15Qsc0RVkG7pFrfyCNTGx3vrxWje3kIgZ6QjMVnWblQxbniZ32lwLk/2x9+D2O6GhgXV/w==
  dependencies:
    "@types/circular-json" "^0.4.0"
    "@types/stacktrace-js" "^0.0.32"
    circular-json "^0.5.0"
    error-stack-parser "^2.0.1"
    stacktrace-gps "^3.0.2"

source-map@0.5.6:
  version "0.5.6"
  resolved "https://registry.yarnpkg.com/source-map/-/source-map-0.5.6.tgz#75ce38f52bf0733c5a7f0c118d81334a2bb5f412"
  integrity sha1-dc449SvwczxafwwRjYEzSiu19BI=

stackframe@^1.1.1:
  version "1.1.1"
  resolved "https://registry.yarnpkg.com/stackframe/-/stackframe-1.1.1.tgz#ffef0a3318b1b60c3b58564989aca5660729ec71"
  integrity sha512-0PlYhdKh6AfFxRyK/v+6/k+/mMfyiEBbTM5L94D0ZytQnJ166wuwoTYLHFWGbs2dpA8Rgq763KGWmN1EQEYHRQ==

stacktrace-gps@^3.0.2:
  version "3.0.4"
  resolved "https://registry.yarnpkg.com/stacktrace-gps/-/stacktrace-gps-3.0.4.tgz#7688dc2fc09ffb3a13165ebe0dbcaf41bcf0c69a"
  integrity sha512-qIr8x41yZVSldqdqe6jciXEaSCKw1U8XTXpjDuy0ki/apyTn/r3w9hDAAQOhZdxvsC93H+WwwEu5cq5VemzYeg==
  dependencies:
    source-map "0.5.6"
    stackframe "^1.1.1"
